// !$*UTF8*$!
{
	archiveVersion = 1;
	classes = {
	};
	objectVersion = 56;
	objects = {

/* Begin PBXBuildFile section */
		771297BE2A82885C00C8C740 /* main.m in Sources */ = {isa = PBXBuildFile; fileRef = 771297BD2A82885C00C8C740 /* main.m */; };
		771297F02A828BAE00C8C740 /* Class1.m in Sources */ = {isa = PBXBuildFile; fileRef = 771297EB2A828BAE00C8C740 /* Class1.m */; };
		771297F12A828BAE00C8C740 /* Student.m in Sources */ = {isa = PBXBuildFile; fileRef = 771297EC2A828BAE00C8C740 /* Student.m */; };
		771297F22A828BAE00C8C740 /* Book.m in Sources */ = {isa = PBXBuildFile; fileRef = 771297ED2A828BAE00C8C740 /* Book.m */; };
		771297F62A828BB500C8C740 /* Class2.m in Sources */ = {isa = PBXBuildFile; fileRef = 771297F42A828BB500C8C740 /* Class2.m */; };
		77DE03F12B2F157700200BEF /* Chapter1.m in Sources */ = {isa = PBXBuildFile; fileRef = 77DE03F02B2F157700200BEF /* Chapter1.m */; };
		77DE03F62B2F160800200BEF /* Chapter2.m in Sources */ = {isa = PBXBuildFile; fileRef = 77DE03F42B2F160800200BEF /* Chapter2.m */; };
		77DE03FA2B2F162100200BEF /* Chapter6.m in Sources */ = {isa = PBXBuildFile; fileRef = 77DE03F92B2F162100200BEF /* Chapter6.m */; };
		77DE04012B2F163200200BEF /* CategoryTest.m in Sources */ = {isa = PBXBuildFile; fileRef = 77DE03FE2B2F163200200BEF /* CategoryTest.m */; };
		77DE04022B2F163200200BEF /* Chapter8.m in Sources */ = {isa = PBXBuildFile; fileRef = 77DE04002B2F163200200BEF /* Chapter8.m */; };
/* End PBXBuildFile section */

/* Begin PBXCopyFilesBuildPhase section */
		771297B82A82885C00C8C740 /* CopyFiles */ = {
			isa = PBXCopyFilesBuildPhase;
			buildActionMask = 2147483647;
			dstPath = /usr/share/man/man1/;
			dstSubfolderSpec = 0;
			files = (
			);
			runOnlyForDeploymentPostprocessing = 1;
		};
/* End PBXCopyFilesBuildPhase section */

/* Begin PBXFileReference section */
		771297BA2A82885C00C8C740 /* ObjectiveCStudy */ = {isa = PBXFileReference; explicitFileType = "compiled.mach-o.executable"; includeInIndex = 0; path = ObjectiveCStudy; sourceTree = BUILT_PRODUCTS_DIR; };
		771297BD2A82885C00C8C740 /* main.m */ = {isa = PBXFileReference; lastKnownFileType = sourcecode.c.objc; path = main.m; sourceTree = "<group>"; };
		771297EA2A828BAE00C8C740 /* Book.h */ = {isa = PBXFileReference; fileEncoding = 4; lastKnownFileType = sourcecode.c.h; path = Book.h; sourceTree = "<group>"; };
		771297EB2A828BAE00C8C740 /* Class1.m */ = {isa = PBXFileReference; fileEncoding = 4; lastKnownFileType = sourcecode.c.objc; path = Class1.m; sourceTree = "<group>"; };
		771297EC2A828BAE00C8C740 /* Student.m */ = {isa = PBXFileReference; fileEncoding = 4; lastKnownFileType = sourcecode.c.objc; path = Student.m; sourceTree = "<group>"; };
		771297ED2A828BAE00C8C740 /* Book.m */ = {isa = PBXFileReference; fileEncoding = 4; lastKnownFileType = sourcecode.c.objc; path = Book.m; sourceTree = "<group>"; };
		771297EE2A828BAE00C8C740 /* Student.h */ = {isa = PBXFileReference; fileEncoding = 4; lastKnownFileType = sourcecode.c.h; path = Student.h; sourceTree = "<group>"; };
		771297EF2A828BAE00C8C740 /* Class1.h */ = {isa = PBXFileReference; fileEncoding = 4; lastKnownFileType = sourcecode.c.h; path = Class1.h; sourceTree = "<group>"; };
		771297F42A828BB500C8C740 /* Class2.m */ = {isa = PBXFileReference; fileEncoding = 4; lastKnownFileType = sourcecode.c.objc; path = Class2.m; sourceTree = "<group>"; };
		771297F52A828BB500C8C740 /* Class2.h */ = {isa = PBXFileReference; fileEncoding = 4; lastKnownFileType = sourcecode.c.h; path = Class2.h; sourceTree = "<group>"; };
		77DE03F02B2F157700200BEF /* Chapter1.m */ = {isa = PBXFileReference; lastKnownFileType = sourcecode.c.objc; path = Chapter1.m; sourceTree = "<group>"; };
		77DE03F42B2F160800200BEF /* Chapter2.m */ = {isa = PBXFileReference; fileEncoding = 4; lastKnownFileType = sourcecode.c.objc; path = Chapter2.m; sourceTree = "<group>"; };
		77DE03F52B2F160800200BEF /* Chapter2.h */ = {isa = PBXFileReference; fileEncoding = 4; lastKnownFileType = sourcecode.c.h; path = Chapter2.h; sourceTree = "<group>"; };
		77DE03F82B2F162100200BEF /* Chapter6.h */ = {isa = PBXFileReference; fileEncoding = 4; lastKnownFileType = sourcecode.c.h; path = Chapter6.h; sourceTree = "<group>"; };
		77DE03F92B2F162100200BEF /* Chapter6.m */ = {isa = PBXFileReference; fileEncoding = 4; lastKnownFileType = sourcecode.c.objc; path = Chapter6.m; sourceTree = "<group>"; };
		77DE03FC2B2F163200200BEF /* Chapter8.h */ = {isa = PBXFileReference; fileEncoding = 4; lastKnownFileType = sourcecode.c.h; path = Chapter8.h; sourceTree = "<group>"; };
		77DE03FD2B2F163200200BEF /* Protocol1.h */ = {isa = PBXFileReference; fileEncoding = 4; lastKnownFileType = sourcecode.c.h; path = Protocol1.h; sourceTree = "<group>"; };
		77DE03FE2B2F163200200BEF /* CategoryTest.m */ = {isa = PBXFileReference; fileEncoding = 4; lastKnownFileType = sourcecode.c.objc; path = CategoryTest.m; sourceTree = "<group>"; };
		77DE03FF2B2F163200200BEF /* CategoryTest.h */ = {isa = PBXFileReference; fileEncoding = 4; lastKnownFileType = sourcecode.c.h; path = CategoryTest.h; sourceTree = "<group>"; };
		77DE04002B2F163200200BEF /* Chapter8.m */ = {isa = PBXFileReference; fileEncoding = 4; lastKnownFileType = sourcecode.c.objc; path = Chapter8.m; sourceTree = "<group>"; };
/* End PBXFileReference section */

/* Begin PBXFrameworksBuildPhase section */
		771297B72A82885C00C8C740 /* Frameworks */ = {
			isa = PBXFrameworksBuildPhase;
			buildActionMask = 2147483647;
			files = (
			);
			runOnlyForDeploymentPostprocessing = 0;
		};
/* End PBXFrameworksBuildPhase section */

/* Begin PBXGroup section */
		771297B12A82885C00C8C740 = {
			isa = PBXGroup;
			children = (
				771297BC2A82885C00C8C740 /* ObjectiveCStudy */,
				771297BB2A82885C00C8C740 /* Products */,
			);
			sourceTree = "<group>";
		};
		771297BB2A82885C00C8C740 /* Products */ = {
			isa = PBXGroup;
			children = (
				771297BA2A82885C00C8C740 /* ObjectiveCStudy */,
			);
			name = Products;
			sourceTree = "<group>";
		};
		771297BC2A82885C00C8C740 /* ObjectiveCStudy */ = {
			isa = PBXGroup;
			children = (
				77DE03EE2B2F151800200BEF /* book */,
				771297F32A828BB500C8C740 /* class2 */,
				771297E92A828BAE00C8C740 /* class1 */,
				771297BD2A82885C00C8C740 /* main.m */,
			);
			path = ObjectiveCStudy;
			sourceTree = "<group>";
		};
		771297E92A828BAE00C8C740 /* class1 */ = {
			isa = PBXGroup;
			children = (
				77DE03E52B2ED8D300200BEF /* book */,
				77DE03E42B2ED8C800200BEF /* student */,
				771297EB2A828BAE00C8C740 /* Class1.m */,
				771297EF2A828BAE00C8C740 /* Class1.h */,
			);
			path = class1;
			sourceTree = "<group>";
		};
		771297F32A828BB500C8C740 /* class2 */ = {
			isa = PBXGroup;
			children = (
				771297F42A828BB500C8C740 /* Class2.m */,
				771297F52A828BB500C8C740 /* Class2.h */,
			);
			path = class2;
			sourceTree = "<group>";
		};
		77DE03E42B2ED8C800200BEF /* student */ = {
			isa = PBXGroup;
			children = (
				771297EE2A828BAE00C8C740 /* Student.h */,
				771297EC2A828BAE00C8C740 /* Student.m */,
			);
			path = student;
			sourceTree = "<group>";
		};
		77DE03E52B2ED8D300200BEF /* book */ = {
			isa = PBXGroup;
			children = (
				771297ED2A828BAE00C8C740 /* Book.m */,
				771297EA2A828BAE00C8C740 /* Book.h */,
			);
			path = book;
			sourceTree = "<group>";
		};
		77DE03EE2B2F151800200BEF /* book */ = {
			isa = PBXGroup;
			children = (
				77DE03FB2B2F163200200BEF /* chapter8 */,
				77DE03F72B2F162100200BEF /* chapter6 */,
				77DE03F22B2F15E100200BEF /* chapter2 */,
				77DE03EF2B2F153700200BEF /* chapter1 */,
			);
			path = book;
			sourceTree = "<group>";
		};
		77DE03EF2B2F153700200BEF /* chapter1 */ = {
			isa = PBXGroup;
			children = (
				77DE03F02B2F157700200BEF /* Chapter1.m */,
			);
			path = chapter1;
			sourceTree = "<group>";
		};
		77DE03F22B2F15E100200BEF /* chapter2 */ = {
			isa = PBXGroup;
			children = (
				77DE03F52B2F160800200BEF /* Chapter2.h */,
				77DE03F42B2F160800200BEF /* Chapter2.m */,
			);
			path = chapter2;
			sourceTree = "<group>";
		};
		77DE03F72B2F162100200BEF /* chapter6 */ = {
			isa = PBXGroup;
			children = (
				77DE03F82B2F162100200BEF /* Chapter6.h */,
				77DE03F92B2F162100200BEF /* Chapter6.m */,
			);
			path = chapter6;
			sourceTree = "<group>";
		};
		77DE03FB2B2F163200200BEF /* chapter8 */ = {
			isa = PBXGroup;
			children = (
				77DE03FC2B2F163200200BEF /* Chapter8.h */,
				77DE03FD2B2F163200200BEF /* Protocol1.h */,
				77DE03FE2B2F163200200BEF /* CategoryTest.m */,
				77DE03FF2B2F163200200BEF /* CategoryTest.h */,
				77DE04002B2F163200200BEF /* Chapter8.m */,
			);
			path = chapter8;
			sourceTree = "<group>";
		};
/* End PBXGroup section */

/* Begin PBXNativeTarget section */
		771297B92A82885C00C8C740 /* ObjectiveCStudy */ = {
			isa = PBXNativeTarget;
			buildConfigurationList = 771297C12A82885C00C8C740 /* Build configuration list for PBXNativeTarget "ObjectiveCStudy" */;
			buildPhases = (
				771297B62A82885C00C8C740 /* Sources */,
				771297B72A82885C00C8C740 /* Frameworks */,
				771297B82A82885C00C8C740 /* CopyFiles */,
			);
			buildRules = (
			);
			dependencies = (
			);
			name = ObjectiveCStudy;
			productName = ObjectiveCStudy;
			productReference = 771297BA2A82885C00C8C740 /* ObjectiveCStudy */;
			productType = "com.apple.product-type.tool";
		};
/* End PBXNativeTarget section */

/* Begin PBXProject section */
		771297B22A82885C00C8C740 /* Project object */ = {
			isa = PBXProject;
			attributes = {
				BuildIndependentTargetsInParallel = 1;
				LastUpgradeCheck = 1430;
				TargetAttributes = {
					771297B92A82885C00C8C740 = {
						CreatedOnToolsVersion = 14.3.1;
					};
				};
			};
			buildConfigurationList = 771297B52A82885C00C8C740 /* Build configuration list for PBXProject "ObjectiveCStudy" */;
			compatibilityVersion = "Xcode 14.0";
			developmentRegion = en;
			hasScannedForEncodings = 0;
			knownRegions = (
				en,
				Base,
			);
			mainGroup = 771297B12A82885C00C8C740;
			productRefGroup = 771297BB2A82885C00C8C740 /* Products */;
			projectDirPath = "";
			projectRoot = "";
			targets = (
				771297B92A82885C00C8C740 /* ObjectiveCStudy */,
			);
		};
/* End PBXProject section */

/* Begin PBXSourcesBuildPhase section */
		771297B62A82885C00C8C740 /* Sources */ = {
			isa = PBXSourcesBuildPhase;
			buildActionMask = 2147483647;
			files = (
				771297F22A828BAE00C8C740 /* Book.m in Sources */,
				771297F62A828BB500C8C740 /* Class2.m in Sources */,
				77DE04012B2F163200200BEF /* CategoryTest.m in Sources */,
				77DE03FA2B2F162100200BEF /* Chapter6.m in Sources */,
				771297F02A828BAE00C8C740 /* Class1.m in Sources */,
				77DE03F12B2F157700200BEF /* Chapter1.m in Sources */,
				771297BE2A82885C00C8C740 /* main.m in Sources */,
				771297F12A828BAE00C8C740 /* Student.m in Sources */,
				77DE04022B2F163200200BEF /* Chapter8.m in Sources */,
				77DE03F62B2F160800200BEF /* Chapter2.m in Sources */,
			);
			runOnlyForDeploymentPostprocessing = 0;
		};
/* End PBXSourcesBuildPhase section */

/* Begin XCBuildConfiguration section */
		771297BF2A82885C00C8C740 /* Debug */ = {
			isa = XCBuildConfiguration;
			buildSettings = {
				ALWAYS_SEARCH_USER_PATHS = NO;
				CLANG_ANALYZER_NONNULL = YES;
				CLANG_ANALYZER_NUMBER_OBJECT_CONVERSION = YES_AGGRESSIVE;
				CLANG_CXX_LANGUAGE_STANDARD = "gnu++20";
				CLANG_ENABLE_MODULES = YES;
				CLANG_ENABLE_OBJC_ARC = YES;
				CLANG_ENABLE_OBJC_WEAK = YES;
				CLANG_WARN_BLOCK_CAPTURE_AUTORELEASING = YES;
				CLANG_WARN_BOOL_CONVERSION = YES;
				CLANG_WARN_COMMA = YES;
				CLANG_WARN_CONSTANT_CONVERSION = YES;
				CLANG_WARN_DEPRECATED_OBJC_IMPLEMENTATIONS = YES;
				CLANG_WARN_DIRECT_OBJC_ISA_USAGE = YES_ERROR;
				CLANG_WARN_DOCUMENTATION_COMMENTS = YES;
				CLANG_WARN_EMPTY_BODY = YES;
				CLANG_WARN_ENUM_CONVERSION = YES;
				CLANG_WARN_INFINITE_RECURSION = YES;
				CLANG_WARN_INT_CONVERSION = YES;
				CLANG_WARN_NON_LITERAL_NULL_CONVERSION = YES;
				CLANG_WARN_OBJC_IMPLICIT_RETAIN_SELF = YES;
				CLANG_WARN_OBJC_LITERAL_CONVERSION = YES;
				CLANG_WARN_OBJC_ROOT_CLASS = YES_ERROR;
				CLANG_WARN_QUOTED_INCLUDE_IN_FRAMEWORK_HEADER = YES;
				CLANG_WARN_RANGE_LOOP_ANALYSIS = YES;
				CLANG_WARN_STRICT_PROTOTYPES = YES;
				CLANG_WARN_SUSPICIOUS_MOVE = YES;
				CLANG_WARN_UNGUARDED_AVAILABILITY = YES_AGGRESSIVE;
				CLANG_WARN_UNREACHABLE_CODE = YES;
				CLANG_WARN__DUPLICATE_METHOD_MATCH = YES;
				COPY_PHASE_STRIP = NO;
				DEBUG_INFORMATION_FORMAT = dwarf;
				ENABLE_STRICT_OBJC_MSGSEND = YES;
				ENABLE_TESTABILITY = YES;
				GCC_C_LANGUAGE_STANDARD = gnu11;
				GCC_DYNAMIC_NO_PIC = NO;
				GCC_NO_COMMON_BLOCKS = YES;
				GCC_OPTIMIZATION_LEVEL = 0;
				GCC_PREPROCESSOR_DEFINITIONS = (
					"DEBUG=1",
					"$(inherited)",
				);
				GCC_WARN_64_TO_32_BIT_CONVERSION = YES;
				GCC_WARN_ABOUT_RETURN_TYPE = YES_ERROR;
				GCC_WARN_UNDECLARED_SELECTOR = YES;
				GCC_WARN_UNINITIALIZED_AUTOS = YES_AGGRESSIVE;
				GCC_WARN_UNUSED_FUNCTION = YES;
				GCC_WARN_UNUSED_VARIABLE = YES;
				MACOSX_DEPLOYMENT_TARGET = 13.0;
				MTL_ENABLE_DEBUG_INFO = INCLUDE_SOURCE;
				MTL_FAST_MATH = YES;
				ONLY_ACTIVE_ARCH = YES;
				SDKROOT = macosx;
			};
			name = Debug;
		};
		771297C02A82885C00C8C740 /* Release */ = {
			isa = XCBuildConfiguration;
			buildSettings = {
				ALWAYS_SEARCH_USER_PATHS = NO;
				CLANG_ANALYZER_NONNULL = YES;
				CLANG_ANALYZER_NUMBER_OBJECT_CONVERSION = YES_AGGRESSIVE;
				CLANG_CXX_LANGUAGE_STANDARD = "gnu++20";
				CLANG_ENABLE_MODULES = YES;
				CLANG_ENABLE_OBJC_ARC = YES;
				CLANG_ENABLE_OBJC_WEAK = YES;
				CLANG_WARN_BLOCK_CAPTURE_AUTORELEASING = YES;
				CLANG_WARN_BOOL_CONVERSION = YES;
				CLANG_WARN_COMMA = YES;
				CLANG_WARN_CONSTANT_CONVERSION = YES;
				CLANG_WARN_DEPRECATED_OBJC_IMPLEMENTATIONS = YES;
				CLANG_WARN_DIRECT_OBJC_ISA_USAGE = YES_ERROR;
				CLANG_WARN_DOCUMENTATION_COMMENTS = YES;
				CLANG_WARN_EMPTY_BODY = YES;
				CLANG_WARN_ENUM_CONVERSION = YES;
				CLANG_WARN_INFINITE_RECURSION = YES;
				CLANG_WARN_INT_CONVERSION = YES;
				CLANG_WARN_NON_LITERAL_NULL_CONVERSION = YES;
				CLANG_WARN_OBJC_IMPLICIT_RETAIN_SELF = YES;
				CLANG_WARN_OBJC_LITERAL_CONVERSION = YES;
				CLANG_WARN_OBJC_ROOT_CLASS = YES_ERROR;
				CLANG_WARN_QUOTED_INCLUDE_IN_FRAMEWORK_HEADER = YES;
				CLANG_WARN_RANGE_LOOP_ANALYSIS = YES;
				CLANG_WARN_STRICT_PROTOTYPES = YES;
				CLANG_WARN_SUSPICIOUS_MOVE = YES;
				CLANG_WARN_UNGUARDED_AVAILABILITY = YES_AGGRESSIVE;
				CLANG_WARN_UNREACHABLE_CODE = YES;
				CLANG_WARN__DUPLICATE_METHOD_MATCH = YES;
				COPY_PHASE_STRIP = NO;
				DEBUG_INFORMATION_FORMAT = "dwarf-with-dsym";
				ENABLE_NS_ASSERTIONS = NO;
				ENABLE_STRICT_OBJC_MSGSEND = YES;
				GCC_C_LANGUAGE_STANDARD = gnu11;
				GCC_NO_COMMON_BLOCKS = YES;
				GCC_WARN_64_TO_32_BIT_CONVERSION = YES;
				GCC_WARN_ABOUT_RETURN_TYPE = YES_ERROR;
				GCC_WARN_UNDECLARED_SELECTOR = YES;
				GCC_WARN_UNINITIALIZED_AUTOS = YES_AGGRESSIVE;
				GCC_WARN_UNUSED_FUNCTION = YES;
				GCC_WARN_UNUSED_VARIABLE = YES;
				MACOSX_DEPLOYMENT_TARGET = 13.0;
				MTL_ENABLE_DEBUG_INFO = NO;
				MTL_FAST_MATH = YES;
				SDKROOT = macosx;
			};
			name = Release;
		};
		771297C22A82885C00C8C740 /* Debug */ = {
			isa = XCBuildConfiguration;
			buildSettings = {
				CODE_SIGN_STYLE = Automatic;
				DEVELOPMENT_TEAM = K672NA8Z3Q;
				ENABLE_HARDENED_RUNTIME = YES;
				PRODUCT_NAME = "$(TARGET_NAME)";
			};
			name = Debug;
		};
		771297C32A82885C00C8C740 /* Release */ = {
			isa = XCBuildConfiguration;
			buildSettings = {
				CODE_SIGN_STYLE = Automatic;
				DEVELOPMENT_TEAM = K672NA8Z3Q;
				ENABLE_HARDENED_RUNTIME = YES;
				PRODUCT_NAME = "$(TARGET_NAME)";
			};
			name = Release;
		};
/* End XCBuildConfiguration section */

/* Begin XCConfigurationList section */
		771297B52A82885C00C8C740 /* Build configuration list for PBXProject "ObjectiveCStudy" */ = {
			isa = XCConfigurationList;
			buildConfigurations = (
				771297BF2A82885C00C8C740 /* Debug */,
				771297C02A82885C00C8C740 /* Release */,
			);
			defaultConfigurationIsVisible = 0;
			defaultConfigurationName = Release;
		};
		771297C12A82885C00C8C740 /* Build configuration list for PBXNativeTarget "ObjectiveCStudy" */ = {
			isa = XCConfigurationList;
			buildConfigurations = (
				771297C22A82885C00C8C740 /* Debug */,
				771297C32A82885C00C8C740 /* Release */,
			);
			defaultConfigurationIsVisible = 0;
			defaultConfigurationName = Release;
		};
/* End XCConfigurationList section */
	};
	rootObject = 771297B22A82885C00C8C740 /* Project object */;
}
